
Microsoft Visual Studio Solution File, Format Version 12.00
# Visual Studio 2013
VisualStudioVersion = 12.0.31101.0
MinimumVisualStudioVersion = 10.0.40219.1
Project("{FAE04EC0-301F-11D3-BF4B-00C04F79EFBC}") = "InstaFollow.Scenario", "InstaFollow.Scenario\InstaFollow.Scenario.csproj", "{0D0FA56B-B9E9-4771-AD66-BAABF161511E}"
EndProject
Project("{FAE04EC0-301F-11D3-BF4B-00C04F79EFBC}") = "InstaFollow.Form", "InstaFollow.Form\InstaFollow.Form.csproj", "{AC24FF7A-E60C-49FF-9743-A6C64C8586CE}"
EndProject
Project("{FAE04EC0-301F-11D3-BF4B-00C04F79EFBC}") = "InstaFollow.Test", "InstaFollow.Test\InstaFollow.Test.csproj", "{5E050985-D156-413A-BB57-8D1A4D97A9EB}"
EndProject
Project("{FAE04EC0-301F-11D3-BF4B-00C04F79EFBC}") = "InstaFollow.Control", "InstaFollow.Control\InstaFollow.Control.csproj", "{BACC9997-4768-4D76-8CD2-8EB4C5A35B52}"
EndProject
Project("{FAE04EC0-301F-11D3-BF4B-00C04F79EFBC}") = "InstaFollow.Library", "InstaFollow.Library\InstaFollow.Library.csproj", "{8DB5BE3E-982A-4994-84F4-32ADDE1C6D5A}"
EndProject
Global
	GlobalSection(SolutionConfigurationPlatforms) = preSolution
		Debug|Any CPU = Debug|Any CPU
		Release|Any CPU = Release|Any CPU
	EndGlobalSection
	GlobalSection(ProjectConfigurationPlatforms) = postSolution
		{0D0FA56B-B9E9-4771-AD66-BAABF161511E}.Debug|Any CPU.ActiveCfg = Debug|Any CPU
		{0D0FA56B-B9E9-4771-AD66-BAABF161511E}.Debug|Any CPU.Build.0 = Debug|Any CPU
		{0D0FA56B-B9E9-4771-AD66-BAABF161511E}.Release|Any CPU.ActiveCfg = Release|Any CPU
		{0D0FA56B-B9E9-4771-AD66-BAABF161511E}.Release|Any CPU.Build.0 = Release|Any CPU
		{AC24FF7A-E60C-49FF-9743-A6C64C8586CE}.Debug|Any CPU.ActiveCfg = Debug|Any CPU
		{AC24FF7A-E60C-49FF-9743-A6C64C8586CE}.Debug|Any CPU.Build.0 = Debug|Any CPU
		{AC24FF7A-E60C-49FF-9743-A6C64C8586CE}.Release|Any CPU.ActiveCfg = Release|Any CPU
		{AC24FF7A-E60C-49FF-9743-A6C64C8586CE}.Release|Any CPU.Build.0 = Release|Any CPU
		{5E050985-D156-413A-BB57-8D1A4D97A9EB}.Debug|Any CPU.ActiveCfg = Debug|Any CPU
		{5E050985-D156-413A-BB57-8D1A4D97A9EB}.Debug|Any CPU.Build.0 = Debug|Any CPU
		{5E050985-D156-413A-BB57-8D1A4D97A9EB}.Release|Any CPU.ActiveCfg = Release|Any CPU
		{5E050985-D156-413A-BB57-8D1A4D97A9EB}.Release|Any CPU.Build.0 = Release|Any CPU
		{BACC9997-4768-4D76-8CD2-8EB4C5A35B52}.Debug|Any CPU.ActiveCfg = Debug|Any CPU
		{BACC9997-4768-4D76-8CD2-8EB4C5A35B52}.Debug|Any CPU.Build.0 = Debug|Any CPU
		{BACC9997-4768-4D76-8CD2-8EB4C5A35B52}.Release|Any CPU.ActiveCfg = Release|Any CPU
		{BACC9997-4768-4D76-8CD2-8EB4C5A35B52}.Release|Any CPU.Build.0 = Release|Any CPU
		{8DB5BE3E-982A-4994-84F4-32ADDE1C6D5A}.Debug|Any CPU.ActiveCfg = Debug|Any CPU
		{8DB5BE3E-982A-4994-84F4-32ADDE1C6D5A}.Debug|Any CPU.Build.0 = Debug|Any CPU
		{8DB5BE3E-982A-4994-84F4-32ADDE1C6D5A}.Release|Any CPU.ActiveCfg = Release|Any CPU
		{8DB5BE3E-982A-4994-84F4-32ADDE1C6D5A}.Release|Any CPU.Build.0 = Release|Any CPU
	EndGlobalSection
	GlobalSection(SolutionProperties) = preSolution
		HideSolutionNode = FALSE
	EndGlobalSection
EndGlobal
